
Microsoft Visual Studio Solution File, Format Version 12.00
# Visual Studio 15
VisualStudioVersion = 15.0.28307.329
MinimumVisualStudioVersion = 10.0.40219.1
Project("{FAE04EC0-301F-11D3-BF4B-00C04F79EFBC}") = "example", "example\example.csproj", "{4E3FCA43-DE2E-4922-AACB-2B6CA947D05F}"
EndProject
Global
	GlobalSection(SolutionConfigurationPlatforms) = preSolution
		Debug|Any CPU = Debug|Any CPU
		Release|Any CPU = Release|Any CPU
	EndGlobalSection
	GlobalSection(ProjectConfigurationPlatforms) = postSolution
		{4E3FCA43-DE2E-4922-AACB-2B6CA947D05F}.Debug|Any CPU.ActiveCfg = Debug|Any CPU
		{4E3FCA43-DE2E-4922-AACB-2B6CA947D05F}.Debug|Any CPU.Build.0 = Debug|Any CPU
		{4E3FCA43-DE2E-4922-AACB-2B6CA947D05F}.Release|Any CPU.ActiveCfg = Release|Any CPU
		{4E3FCA43-DE2E-4922-AACB-2B6CA947D05F}.Release|Any CPU.Build.0 = Release|Any CPU
	EndGlobalSection
	GlobalSection(SolutionProperties) = preSolution
		HideSolutionNode = FALSE
	EndGlobalSection
	GlobalSection(ExtensibilityGlobals) = postSolution
		SolutionGuid = {B23A2F90-679F-450E-9838-294F3C1EFE84}
	EndGlobalSection
EndGlobal
