
Microsoft Visual Studio Solution File, Format Version 12.00
# Visual Studio 15
VisualStudioVersion = 15.0.28307.329
MinimumVisualStudioVersion = 10.0.40219.1
Project("{FAE04EC0-301F-11D3-BF4B-00C04F79EFBC}") = "Fitness_pal", "Fitness_pal\Fitness_pal.csproj", "{2D57DE1B-B799-4AA1-98AB-7F6BFD567D64}"
EndProject
Global
	GlobalSection(SolutionConfigurationPlatforms) = preSolution
		Debug|Any CPU = Debug|Any CPU
		Release|Any CPU = Release|Any CPU
	EndGlobalSection
	GlobalSection(ProjectConfigurationPlatforms) = postSolution
		{2D57DE1B-B799-4AA1-98AB-7F6BFD567D64}.Debug|Any CPU.ActiveCfg = Debug|Any CPU
		{2D57DE1B-B799-4AA1-98AB-7F6BFD567D64}.Debug|Any CPU.Build.0 = Debug|Any CPU
		{2D57DE1B-B799-4AA1-98AB-7F6BFD567D64}.Release|Any CPU.ActiveCfg = Release|Any CPU
		{2D57DE1B-B799-4AA1-98AB-7F6BFD567D64}.Release|Any CPU.Build.0 = Release|Any CPU
	EndGlobalSection
	GlobalSection(SolutionProperties) = preSolution
		HideSolutionNode = FALSE
	EndGlobalSection
	GlobalSection(ExtensibilityGlobals) = postSolution
		SolutionGuid = {536A1420-E464-4BD5-848C-CED807674314}
	EndGlobalSection
EndGlobal
